
Microsoft Visual Studio Solution File, Format Version 12.00
# Visual Studio Version 17
VisualStudioVersion = 17.5.33530.505
MinimumVisualStudioVersion = 10.0.40219.1
Project("{FAE04EC0-301F-11D3-BF4B-00C04F79EFBC}") = "MVC_Sample_Project", "MVC_Sample_Project.csproj", "{938C9993-9C03-4FA2-AE0E-5C173919376A}"
EndProject
Global
	GlobalSection(SolutionConfigurationPlatforms) = preSolution
		Debug|Any CPU = Debug|Any CPU
		Release|Any CPU = Release|Any CPU
	EndGlobalSection
	GlobalSection(ProjectConfigurationPlatforms) = postSolution
		{938C9993-9C03-4FA2-AE0E-5C173919376A}.Debug|Any CPU.ActiveCfg = Debug|Any CPU
		{938C9993-9C03-4FA2-AE0E-5C173919376A}.Debug|Any CPU.Build.0 = Debug|Any CPU
		{938C9993-9C03-4FA2-AE0E-5C173919376A}.Release|Any CPU.ActiveCfg = Release|Any CPU
		{938C9993-9C03-4FA2-AE0E-5C173919376A}.Release|Any CPU.Build.0 = Release|Any CPU
	EndGlobalSection
	GlobalSection(SolutionProperties) = preSolution
		HideSolutionNode = FALSE
	EndGlobalSection
	GlobalSection(ExtensibilityGlobals) = postSolution
		SolutionGuid = {9E224C6A-18ED-4F3A-861F-D548BE896906}
	EndGlobalSection
EndGlobal
